// !$*UTF8*$!
{
	archiveVersion = 1;
	classes = {
	};
	objectVersion = 46;
	objects = {

/* Begin PBXBuildFile section */
		1B3CD780F4F36B1ECCEDAA8E /* libPods-MyZhihuDaily.a in Frameworks */ = {isa = PBXBuildFile; fileRef = 221CDA6673126F71E8B45D43 /* libPods-MyZhihuDaily.a */; settings = {ATTRIBUTES = (Required, ); }; };
		315EB9C21DED34A20028056C /* AppDelegate.m in Sources */ = {isa = PBXBuildFile; fileRef = 315EB9C11DED34A20028056C /* AppDelegate.m */; };
		315EB9CD1DED34B90028056C /* NewsListResponseModel.m in Sources */ = {isa = PBXBuildFile; fileRef = 315EB9C61DED34B90028056C /* NewsListResponseModel.m */; };
		315EB9CE1DED34B90028056C /* NewsResponseModel.m in Sources */ = {isa = PBXBuildFile; fileRef = 315EB9C81DED34B90028056C /* NewsResponseModel.m */; };
		315EB9CF1DED34B90028056C /* PreviousNewsModel.m in Sources */ = {isa = PBXBuildFile; fileRef = 315EB9CA1DED34B90028056C /* PreviousNewsModel.m */; };
		315EB9D01DED34B90028056C /* TopNewsResponseModel.m in Sources */ = {isa = PBXBuildFile; fileRef = 315EB9CC1DED34B90028056C /* TopNewsResponseModel.m */; };
		315EB9E31DED34DD0028056C /* HomePageDataManager.m in Sources */ = {isa = PBXBuildFile; fileRef = 315EB9D81DED34DD0028056C /* HomePageDataManager.m */; };
		315EB9E41DED34DD0028056C /* HomePageViewController.m in Sources */ = {isa = PBXBuildFile; fileRef = 315EB9DA1DED34DD0028056C /* HomePageViewController.m */; };
		315EB9E51DED34DD0028056C /* HeadView.m in Sources */ = {isa = PBXBuildFile; fileRef = 315EB9DE1DED34DD0028056C /* HeadView.m */; };
		315EB9E61DED34DD0028056C /* HomepageCell.m in Sources */ = {isa = PBXBuildFile; fileRef = 315EB9E01DED34DD0028056C /* HomepageCell.m */; };
		315EB9E71DED34DD0028056C /* SectionHeaderView.m in Sources */ = {isa = PBXBuildFile; fileRef = 315EB9E21DED34DD0028056C /* SectionHeaderView.m */; };
		315EB9F01DED34E90028056C /* LanuchViewController.m in Sources */ = {isa = PBXBuildFile; fileRef = 315EB9EB1DED34E90028056C /* LanuchViewController.m */; };
		315EB9F11DED34E90028056C /* Lanuch.xib in Resources */ = {isa = PBXBuildFile; fileRef = 315EB9EC1DED34E90028056C /* Lanuch.xib */; };
		315EB9F21DED34E90028056C /* LanuchScreen.xib in Resources */ = {isa = PBXBuildFile; fileRef = 315EB9ED1DED34E90028056C /* LanuchScreen.xib */; };
		315EBA011DED35000028056C /* LeftMenuViewController.m in Sources */ = {isa = PBXBuildFile; fileRef = 315EB9F61DED35000028056C /* LeftMenuViewController.m */; };
		315EBA021DED35000028056C /* LeftMenuModel.m in Sources */ = {isa = PBXBuildFile; fileRef = 315EB9F91DED35000028056C /* LeftMenuModel.m */; };
		315EBA031DED35000028056C /* FooterView.m in Sources */ = {isa = PBXBuildFile; fileRef = 315EB9FC1DED35000028056C /* FooterView.m */; };
		315EBA041DED35000028056C /* HearderView.m in Sources */ = {isa = PBXBuildFile; fileRef = 315EB9FE1DED35000028056C /* HearderView.m */; };
		315EBA051DED35000028056C /* LeftMenuTableViewCell.m in Sources */ = {isa = PBXBuildFile; fileRef = 315EBA001DED35000028056C /* LeftMenuTableViewCell.m */; };
		315EBA181DED35120028056C /* DetailNewsViewController.m in Sources */ = {isa = PBXBuildFile; fileRef = 315EBA091DED35120028056C /* DetailNewsViewController.m */; };
		315EBA191DED35120028056C /* UIView+Additons.m in Sources */ = {isa = PBXBuildFile; fileRef = 315EBA0C1DED35120028056C /* UIView+Additons.m */; };
		315EBA1A1DED35120028056C /* DetailNewsResponse.m in Sources */ = {isa = PBXBuildFile; fileRef = 315EBA101DED35120028056C /* DetailNewsResponse.m */; };
		315EBA1B1DED35120028056C /* DetailHeaderView.m in Sources */ = {isa = PBXBuildFile; fileRef = 315EBA131DED35120028056C /* DetailHeaderView.m */; };
		315EBA1C1DED35120028056C /* DetailNewsView.m in Sources */ = {isa = PBXBuildFile; fileRef = 315EBA151DED35120028056C /* DetailNewsView.m */; };
		315EBA1D1DED35120028056C /* DetailToolBarView.m in Sources */ = {isa = PBXBuildFile; fileRef = 315EBA171DED35120028056C /* DetailToolBarView.m */; };
		315EBA261DED35450028056C /* Assets.xcassets in Resources */ = {isa = PBXBuildFile; fileRef = 315EBA211DED35450028056C /* Assets.xcassets */; };
		315EBA271DED35450028056C /* Info.plist in Resources */ = {isa = PBXBuildFile; fileRef = 315EBA221DED35450028056C /* Info.plist */; };
		315EBA281DED35450028056C /* main.m in Sources */ = {isa = PBXBuildFile; fileRef = 315EBA231DED35450028056C /* main.m */; };
		315EBA291DED35450028056C /* ViewController.m in Sources */ = {isa = PBXBuildFile; fileRef = 315EBA251DED35450028056C /* ViewController.m */; };
		31B61A4B1D92C1E5004340B8 /* MyZhihuDailyTests.m in Sources */ = {isa = PBXBuildFile; fileRef = 31B61A4A1D92C1E5004340B8 /* MyZhihuDailyTests.m */; };
		31B61A561D92C1E5004340B8 /* MyZhihuDailyUITests.m in Sources */ = {isa = PBXBuildFile; fileRef = 31B61A551D92C1E5004340B8 /* MyZhihuDailyUITests.m */; };
/* End PBXBuildFile section */

/* Begin PBXContainerItemProxy section */
		31B61A471D92C1E5004340B8 /* PBXContainerItemProxy */ = {
			isa = PBXContainerItemProxy;
			containerPortal = 31B61A251D92C1E5004340B8 /* Project object */;
			proxyType = 1;
			remoteGlobalIDString = 31B61A2C1D92C1E5004340B8;
			remoteInfo = MyZhihuDaily;
		};
		31B61A521D92C1E5004340B8 /* PBXContainerItemProxy */ = {
			isa = PBXContainerItemProxy;
			containerPortal = 31B61A251D92C1E5004340B8 /* Project object */;
			proxyType = 1;
			remoteGlobalIDString = 31B61A2C1D92C1E5004340B8;
			remoteInfo = MyZhihuDaily;
		};
/* End PBXContainerItemProxy section */

/* Begin PBXFileReference section */
		221CDA6673126F71E8B45D43 /* libPods-MyZhihuDaily.a */ = {isa = PBXFileReference; explicitFileType = archive.ar; includeInIndex = 0; path = "libPods-MyZhihuDaily.a"; sourceTree = BUILT_PRODUCTS_DIR; };
		315EB9C01DED34A20028056C /* AppDelegate.h */ = {isa = PBXFileReference; fileEncoding = 4; lastKnownFileType = sourcecode.c.h; path = AppDelegate.h; sourceTree = "<group>"; };
		315EB9C11DED34A20028056C /* AppDelegate.m */ = {isa = PBXFileReference; fileEncoding = 4; lastKnownFileType = sourcecode.c.objc; path = AppDelegate.m; sourceTree = "<group>"; };
		315EB9C51DED34B90028056C /* NewsListResponseModel.h */ = {isa = PBXFileReference; fileEncoding = 4; lastKnownFileType = sourcecode.c.h; path = NewsListResponseModel.h; sourceTree = "<group>"; };
		315EB9C61DED34B90028056C /* NewsListResponseModel.m */ = {isa = PBXFileReference; fileEncoding = 4; lastKnownFileType = sourcecode.c.objc; path = NewsListResponseModel.m; sourceTree = "<group>"; };
		315EB9C71DED34B90028056C /* NewsResponseModel.h */ = {isa = PBXFileReference; fileEncoding = 4; lastKnownFileType = sourcecode.c.h; path = NewsResponseModel.h; sourceTree = "<group>"; };
		315EB9C81DED34B90028056C /* NewsResponseModel.m */ = {isa = PBXFileReference; fileEncoding = 4; lastKnownFileType = sourcecode.c.objc; path = NewsResponseModel.m; sourceTree = "<group>"; };
		315EB9C91DED34B90028056C /* PreviousNewsModel.h */ = {isa = PBXFileReference; fileEncoding = 4; lastKnownFileType = sourcecode.c.h; path = PreviousNewsModel.h; sourceTree = "<group>"; };
		315EB9CA1DED34B90028056C /* PreviousNewsModel.m */ = {isa = PBXFileReference; fileEncoding = 4; lastKnownFileType = sourcecode.c.objc; path = PreviousNewsModel.m; sourceTree = "<group>"; };
		315EB9CB1DED34B90028056C /* TopNewsResponseModel.h */ = {isa = PBXFileReference; fileEncoding = 4; lastKnownFileType = sourcecode.c.h; path = TopNewsResponseModel.h; sourceTree = "<group>"; };
		315EB9CC1DED34B90028056C /* TopNewsResponseModel.m */ = {isa = PBXFileReference; fileEncoding = 4; lastKnownFileType = sourcecode.c.objc; path = TopNewsResponseModel.m; sourceTree = "<group>"; };
		315EB9D71DED34DD0028056C /* HomePageDataManager.h */ = {isa = PBXFileReference; fileEncoding = 4; lastKnownFileType = sourcecode.c.h; path = HomePageDataManager.h; sourceTree = "<group>"; };
		315EB9D81DED34DD0028056C /* HomePageDataManager.m */ = {isa = PBXFileReference; fileEncoding = 4; lastKnownFileType = sourcecode.c.objc; path = HomePageDataManager.m; sourceTree = "<group>"; };
		315EB9D91DED34DD0028056C /* HomePageViewController.h */ = {isa = PBXFileReference; fileEncoding = 4; lastKnownFileType = sourcecode.c.h; path = HomePageViewController.h; sourceTree = "<group>"; };
		315EB9DA1DED34DD0028056C /* HomePageViewController.m */ = {isa = PBXFileReference; fileEncoding = 4; lastKnownFileType = sourcecode.c.objc; path = HomePageViewController.m; sourceTree = "<group>"; };
		315EB9DD1DED34DD0028056C /* HeadView.h */ = {isa = PBXFileReference; fileEncoding = 4; lastKnownFileType = sourcecode.c.h; path = HeadView.h; sourceTree = "<group>"; };
		315EB9DE1DED34DD0028056C /* HeadView.m */ = {isa = PBXFileReference; fileEncoding = 4; lastKnownFileType = sourcecode.c.objc; path = HeadView.m; sourceTree = "<group>"; };
		315EB9DF1DED34DD0028056C /* HomepageCell.h */ = {isa = PBXFileReference; fileEncoding = 4; lastKnownFileType = sourcecode.c.h; path = HomepageCell.h; sourceTree = "<group>"; };
		315EB9E01DED34DD0028056C /* HomepageCell.m */ = {isa = PBXFileReference; fileEncoding = 4; lastKnownFileType = sourcecode.c.objc; path = HomepageCell.m; sourceTree = "<group>"; };
		315EB9E11DED34DD0028056C /* SectionHeaderView.h */ = {isa = PBXFileReference; fileEncoding = 4; lastKnownFileType = sourcecode.c.h; path = SectionHeaderView.h; sourceTree = "<group>"; };
		315EB9E21DED34DD0028056C /* SectionHeaderView.m */ = {isa = PBXFileReference; fileEncoding = 4; lastKnownFileType = sourcecode.c.objc; path = SectionHeaderView.m; sourceTree = "<group>"; };
		315EB9EA1DED34E90028056C /* LanuchViewController.h */ = {isa = PBXFileReference; fileEncoding = 4; lastKnownFileType = sourcecode.c.h; path = LanuchViewController.h; sourceTree = "<group>"; };
		315EB9EB1DED34E90028056C /* LanuchViewController.m */ = {isa = PBXFileReference; fileEncoding = 4; lastKnownFileType = sourcecode.c.objc; path = LanuchViewController.m; sourceTree = "<group>"; };
		315EB9EC1DED34E90028056C /* Lanuch.xib */ = {isa = PBXFileReference; fileEncoding = 4; lastKnownFileType = file.xib; path = Lanuch.xib; sourceTree = "<group>"; };
		315EB9ED1DED34E90028056C /* LanuchScreen.xib */ = {isa = PBXFileReference; fileEncoding = 4; lastKnownFileType = file.xib; path = LanuchScreen.xib; sourceTree = "<group>"; };
		315EB9F51DED35000028056C /* LeftMenuViewController.h */ = {isa = PBXFileReference; fileEncoding = 4; lastKnownFileType = sourcecode.c.h; path = LeftMenuViewController.h; sourceTree = "<group>"; };
		315EB9F61DED35000028056C /* LeftMenuViewController.m */ = {isa = PBXFileReference; fileEncoding = 4; lastKnownFileType = sourcecode.c.objc; path = LeftMenuViewController.m; sourceTree = "<group>"; };
		315EB9F81DED35000028056C /* LeftMenuModel.h */ = {isa = PBXFileReference; fileEncoding = 4; lastKnownFileType = sourcecode.c.h; path = LeftMenuModel.h; sourceTree = "<group>"; };
		315EB9F91DED35000028056C /* LeftMenuModel.m */ = {isa = PBXFileReference; fileEncoding = 4; lastKnownFileType = sourcecode.c.objc; path = LeftMenuModel.m; sourceTree = "<group>"; };
		315EB9FB1DED35000028056C /* FooterView.h */ = {isa = PBXFileReference; fileEncoding = 4; lastKnownFileType = sourcecode.c.h; path = FooterView.h; sourceTree = "<group>"; };
		315EB9FC1DED35000028056C /* FooterView.m */ = {isa = PBXFileReference; fileEncoding = 4; lastKnownFileType = sourcecode.c.objc; path = FooterView.m; sourceTree = "<group>"; };
		315EB9FD1DED35000028056C /* HearderView.h */ = {isa = PBXFileReference; fileEncoding = 4; lastKnownFileType = sourcecode.c.h; path = HearderView.h; sourceTree = "<group>"; };
		315EB9FE1DED35000028056C /* HearderView.m */ = {isa = PBXFileReference; fileEncoding = 4; lastKnownFileType = sourcecode.c.objc; path = HearderView.m; sourceTree = "<group>"; };
		315EB9FF1DED35000028056C /* LeftMenuTableViewCell.h */ = {isa = PBXFileReference; fileEncoding = 4; lastKnownFileType = sourcecode.c.h; path = LeftMenuTableViewCell.h; sourceTree = "<group>"; };
		315EBA001DED35000028056C /* LeftMenuTableViewCell.m */ = {isa = PBXFileReference; fileEncoding = 4; lastKnownFileType = sourcecode.c.objc; path = LeftMenuTableViewCell.m; sourceTree = "<group>"; };
		315EBA081DED35120028056C /* DetailNewsViewController.h */ = {isa = PBXFileReference; fileEncoding = 4; lastKnownFileType = sourcecode.c.h; path = DetailNewsViewController.h; sourceTree = "<group>"; };
		315EBA091DED35120028056C /* DetailNewsViewController.m */ = {isa = PBXFileReference; fileEncoding = 4; lastKnownFileType = sourcecode.c.objc; path = DetailNewsViewController.m; sourceTree = "<group>"; };
		315EBA0B1DED35120028056C /* UIView+Additons.h */ = {isa = PBXFileReference; fileEncoding = 4; lastKnownFileType = sourcecode.c.h; path = "UIView+Additons.h"; sourceTree = "<group>"; };
		315EBA0C1DED35120028056C /* UIView+Additons.m */ = {isa = PBXFileReference; fileEncoding = 4; lastKnownFileType = sourcecode.c.objc; path = "UIView+Additons.m"; sourceTree = "<group>"; };
		315EBA0D1DED35120028056C /* UIView_UIView_Addition.h */ = {isa = PBXFileReference; fileEncoding = 4; lastKnownFileType = sourcecode.c.h; path = UIView_UIView_Addition.h; sourceTree = "<group>"; };
		315EBA0F1DED35120028056C /* DetailNewsResponse.h */ = {isa = PBXFileReference; fileEncoding = 4; lastKnownFileType = sourcecode.c.h; path = DetailNewsResponse.h; sourceTree = "<group>"; };
		315EBA101DED35120028056C /* DetailNewsResponse.m */ = {isa = PBXFileReference; fileEncoding = 4; lastKnownFileType = sourcecode.c.objc; path = DetailNewsResponse.m; sourceTree = "<group>"; };
		315EBA121DED35120028056C /* DetailHeaderView.h */ = {isa = PBXFileReference; fileEncoding = 4; lastKnownFileType = sourcecode.c.h; path = DetailHeaderView.h; sourceTree = "<group>"; };
		315EBA131DED35120028056C /* DetailHeaderView.m */ = {isa = PBXFileReference; fileEncoding = 4; lastKnownFileType = sourcecode.c.objc; path = DetailHeaderView.m; sourceTree = "<group>"; };
		315EBA141DED35120028056C /* DetailNewsView.h */ = {isa = PBXFileReference; fileEncoding = 4; lastKnownFileType = sourcecode.c.h; path = DetailNewsView.h; sourceTree = "<group>"; };
		315EBA151DED35120028056C /* DetailNewsView.m */ = {isa = PBXFileReference; fileEncoding = 4; lastKnownFileType = sourcecode.c.objc; path = DetailNewsView.m; sourceTree = "<group>"; };
		315EBA161DED35120028056C /* DetailToolBarView.h */ = {isa = PBXFileReference; fileEncoding = 4; lastKnownFileType = sourcecode.c.h; path = DetailToolBarView.h; sourceTree = "<group>"; };
		315EBA171DED35120028056C /* DetailToolBarView.m */ = {isa = PBXFileReference; fileEncoding = 4; lastKnownFileType = sourcecode.c.objc; path = DetailToolBarView.m; sourceTree = "<group>"; };
		315EBA211DED35450028056C /* Assets.xcassets */ = {isa = PBXFileReference; lastKnownFileType = folder.assetcatalog; path = Assets.xcassets; sourceTree = "<group>"; };
		315EBA221DED35450028056C /* Info.plist */ = {isa = PBXFileReference; fileEncoding = 4; lastKnownFileType = text.plist.xml; path = Info.plist; sourceTree = "<group>"; };
		315EBA231DED35450028056C /* main.m */ = {isa = PBXFileReference; fileEncoding = 4; lastKnownFileType = sourcecode.c.objc; path = main.m; sourceTree = "<group>"; };
		315EBA241DED35450028056C /* ViewController.h */ = {isa = PBXFileReference; fileEncoding = 4; lastKnownFileType = sourcecode.c.h; path = ViewController.h; sourceTree = "<group>"; };
		315EBA251DED35450028056C /* ViewController.m */ = {isa = PBXFileReference; fileEncoding = 4; lastKnownFileType = sourcecode.c.objc; path = ViewController.m; sourceTree = "<group>"; };
		315EBA2C1DED35A90028056C /* PrefixHeader.pch */ = {isa = PBXFileReference; fileEncoding = 4; lastKnownFileType = sourcecode.c.h; path = PrefixHeader.pch; sourceTree = "<group>"; };
		31B61A2D1D92C1E5004340B8 /* MyZhihuDaily.app */ = {isa = PBXFileReference; explicitFileType = wrapper.application; includeInIndex = 0; path = MyZhihuDaily.app; sourceTree = BUILT_PRODUCTS_DIR; };
		31B61A461D92C1E5004340B8 /* MyZhihuDailyTests.xctest */ = {isa = PBXFileReference; explicitFileType = wrapper.cfbundle; includeInIndex = 0; path = MyZhihuDailyTests.xctest; sourceTree = BUILT_PRODUCTS_DIR; };
		31B61A4A1D92C1E5004340B8 /* MyZhihuDailyTests.m */ = {isa = PBXFileReference; lastKnownFileType = sourcecode.c.objc; path = MyZhihuDailyTests.m; sourceTree = "<group>"; };
		31B61A4C1D92C1E5004340B8 /* Info.plist */ = {isa = PBXFileReference; lastKnownFileType = text.plist.xml; path = Info.plist; sourceTree = "<group>"; };
		31B61A511D92C1E5004340B8 /* MyZhihuDailyUITests.xctest */ = {isa = PBXFileReference; explicitFileType = wrapper.cfbundle; includeInIndex = 0; path = MyZhihuDailyUITests.xctest; sourceTree = BUILT_PRODUCTS_DIR; };
		31B61A551D92C1E5004340B8 /* MyZhihuDailyUITests.m */ = {isa = PBXFileReference; lastKnownFileType = sourcecode.c.objc; path = MyZhihuDailyUITests.m; sourceTree = "<group>"; };
		31B61A571D92C1E5004340B8 /* Info.plist */ = {isa = PBXFileReference; lastKnownFileType = text.plist.xml; path = Info.plist; sourceTree = "<group>"; };
		63AC05C865ADA5C519213A65 /* Pods-MyZhihuDaily.release.xcconfig */ = {isa = PBXFileReference; includeInIndex = 1; lastKnownFileType = text.xcconfig; name = "Pods-MyZhihuDaily.release.xcconfig"; path = "Pods/Target Support Files/Pods-MyZhihuDaily/Pods-MyZhihuDaily.release.xcconfig"; sourceTree = "<group>"; };
		C0507775A731B2007923B002 /* Pods-MyZhihuDaily.debug.xcconfig */ = {isa = PBXFileReference; includeInIndex = 1; lastKnownFileType = text.xcconfig; name = "Pods-MyZhihuDaily.debug.xcconfig"; path = "Pods/Target Support Files/Pods-MyZhihuDaily/Pods-MyZhihuDaily.debug.xcconfig"; sourceTree = "<group>"; };
/* End PBXFileReference section */

/* Begin PBXFrameworksBuildPhase section */
		31B61A2A1D92C1E5004340B8 /* Frameworks */ = {
			isa = PBXFrameworksBuildPhase;
			buildActionMask = 2147483647;
			files = (
				1B3CD780F4F36B1ECCEDAA8E /* libPods-MyZhihuDaily.a in Frameworks */,
			);
			runOnlyForDeploymentPostprocessing = 0;
		};
		31B61A431D92C1E5004340B8 /* Frameworks */ = {
			isa = PBXFrameworksBuildPhase;
			buildActionMask = 2147483647;
			files = (
			);
			runOnlyForDeploymentPostprocessing = 0;
		};
		31B61A4E1D92C1E5004340B8 /* Frameworks */ = {
			isa = PBXFrameworksBuildPhase;
			buildActionMask = 2147483647;
			files = (
			);
			runOnlyForDeploymentPostprocessing = 0;
		};
/* End PBXFrameworksBuildPhase section */

/* Begin PBXGroup section */
		0895D17027462538B0E53A88 /* Pods */ = {
			isa = PBXGroup;
			children = (
				C0507775A731B2007923B002 /* Pods-MyZhihuDaily.debug.xcconfig */,
				63AC05C865ADA5C519213A65 /* Pods-MyZhihuDaily.release.xcconfig */,
			);
			name = Pods;
			sourceTree = "<group>";
		};
		20091B040E7AF30598C2B393 /* Frameworks */ = {
			isa = PBXGroup;
			children = (
				221CDA6673126F71E8B45D43 /* libPods-MyZhihuDaily.a */,
			);
			name = Frameworks;
			sourceTree = "<group>";
		};
		315EB9BF1DED34A20028056C /* AppDelegate */ = {
			isa = PBXGroup;
			children = (
				315EB9C01DED34A20028056C /* AppDelegate.h */,
				315EB9C11DED34A20028056C /* AppDelegate.m */,
			);
			path = AppDelegate;
			sourceTree = "<group>";
		};
		315EB9C31DED34B90028056C /* NetWork */ = {
			isa = PBXGroup;
			children = (
				315EB9C41DED34B90028056C /* JsonModels */,
			);
			path = NetWork;
			sourceTree = "<group>";
		};
		315EB9C41DED34B90028056C /* JsonModels */ = {
			isa = PBXGroup;
			children = (
				315EB9C51DED34B90028056C /* NewsListResponseModel.h */,
				315EB9C61DED34B90028056C /* NewsListResponseModel.m */,
				315EB9C71DED34B90028056C /* NewsResponseModel.h */,
				315EB9C81DED34B90028056C /* NewsResponseModel.m */,
				315EB9C91DED34B90028056C /* PreviousNewsModel.h */,
				315EB9CA1DED34B90028056C /* PreviousNewsModel.m */,
				315EB9CB1DED34B90028056C /* TopNewsResponseModel.h */,
				315EB9CC1DED34B90028056C /* TopNewsResponseModel.m */,
			);
			path = JsonModels;
			sourceTree = "<group>";
		};
		315EB9D11DED34CE0028056C /* ThemeDaily */ = {
			isa = PBXGroup;
			children = (
				315EB9D21DED34CE0028056C /* C */,
				315EB9D31DED34CE0028056C /* M */,
				315EB9D41DED34CE0028056C /* V */,
			);
			path = ThemeDaily;
			sourceTree = "<group>";
		};
		315EB9D21DED34CE0028056C /* C */ = {
			isa = PBXGroup;
			children = (
			);
			path = C;
			sourceTree = "<group>";
		};
		315EB9D31DED34CE0028056C /* M */ = {
			isa = PBXGroup;
			children = (
			);
			path = M;
			sourceTree = "<group>";
		};
		315EB9D41DED34CE0028056C /* V */ = {
			isa = PBXGroup;
			children = (
			);
			path = V;
			sourceTree = "<group>";
		};
		315EB9D51DED34DD0028056C /* HomePage */ = {
			isa = PBXGroup;
			children = (
				315EB9D61DED34DD0028056C /* C */,
				315EB9DB1DED34DD0028056C /* M */,
				315EB9DC1DED34DD0028056C /* V */,
			);
			path = HomePage;
			sourceTree = "<group>";
		};
		315EB9D61DED34DD0028056C /* C */ = {
			isa = PBXGroup;
			children = (
				315EB9D71DED34DD0028056C /* HomePageDataManager.h */,
				315EB9D81DED34DD0028056C /* HomePageDataManager.m */,
				315EB9D91DED34DD0028056C /* HomePageViewController.h */,
				315EB9DA1DED34DD0028056C /* HomePageViewController.m */,
			);
			path = C;
			sourceTree = "<group>";
		};
		315EB9DB1DED34DD0028056C /* M */ = {
			isa = PBXGroup;
			children = (
			);
			path = M;
			sourceTree = "<group>";
		};
		315EB9DC1DED34DD0028056C /* V */ = {
			isa = PBXGroup;
			children = (
				315EB9DD1DED34DD0028056C /* HeadView.h */,
				315EB9DE1DED34DD0028056C /* HeadView.m */,
				315EB9DF1DED34DD0028056C /* HomepageCell.h */,
				315EB9E01DED34DD0028056C /* HomepageCell.m */,
				315EB9E11DED34DD0028056C /* SectionHeaderView.h */,
				315EB9E21DED34DD0028056C /* SectionHeaderView.m */,
			);
			path = V;
			sourceTree = "<group>";
		};
		315EB9E81DED34E90028056C /* Lanuch */ = {
			isa = PBXGroup;
			children = (
				315EB9E91DED34E90028056C /* C */,
				315EB9EC1DED34E90028056C /* Lanuch.xib */,
				315EB9ED1DED34E90028056C /* LanuchScreen.xib */,
				315EB9EE1DED34E90028056C /* M */,
				315EB9EF1DED34E90028056C /* V */,
			);
			path = Lanuch;
			sourceTree = "<group>";
		};
		315EB9E91DED34E90028056C /* C */ = {
			isa = PBXGroup;
			children = (
				315EB9EA1DED34E90028056C /* LanuchViewController.h */,
				315EB9EB1DED34E90028056C /* LanuchViewController.m */,
			);
			path = C;
			sourceTree = "<group>";
		};
		315EB9EE1DED34E90028056C /* M */ = {
			isa = PBXGroup;
			children = (
			);
			path = M;
			sourceTree = "<group>";
		};
		315EB9EF1DED34E90028056C /* V */ = {
			isa = PBXGroup;
			children = (
			);
			path = V;
			sourceTree = "<group>";
		};
		315EB9F31DED35000028056C /* LeftMenu */ = {
			isa = PBXGroup;
			children = (
				315EB9F41DED35000028056C /* C */,
				315EB9F71DED35000028056C /* M */,
				315EB9FA1DED35000028056C /* V */,
			);
			path = LeftMenu;
			sourceTree = "<group>";
		};
		315EB9F41DED35000028056C /* C */ = {
			isa = PBXGroup;
			children = (
				315EB9F51DED35000028056C /* LeftMenuViewController.h */,
				315EB9F61DED35000028056C /* LeftMenuViewController.m */,
			);
			path = C;
			sourceTree = "<group>";
		};
		315EB9F71DED35000028056C /* M */ = {
			isa = PBXGroup;
			children = (
				315EB9F81DED35000028056C /* LeftMenuModel.h */,
				315EB9F91DED35000028056C /* LeftMenuModel.m */,
			);
			path = M;
			sourceTree = "<group>";
		};
		315EB9FA1DED35000028056C /* V */ = {
			isa = PBXGroup;
			children = (
				315EB9FB1DED35000028056C /* FooterView.h */,
				315EB9FC1DED35000028056C /* FooterView.m */,
				315EB9FD1DED35000028056C /* HearderView.h */,
				315EB9FE1DED35000028056C /* HearderView.m */,
				315EB9FF1DED35000028056C /* LeftMenuTableViewCell.h */,
				315EBA001DED35000028056C /* LeftMenuTableViewCell.m */,
			);
			path = V;
			sourceTree = "<group>";
		};
		315EBA061DED35120028056C /* DetailNews */ = {
			isa = PBXGroup;
			children = (
				315EBA071DED35120028056C /* C */,
				315EBA0A1DED35120028056C /* Extend */,
				315EBA0E1DED35120028056C /* M */,
				315EBA111DED35120028056C /* V */,
			);
			path = DetailNews;
			sourceTree = "<group>";
		};
		315EBA071DED35120028056C /* C */ = {
			isa = PBXGroup;
			children = (
				315EBA081DED35120028056C /* DetailNewsViewController.h */,
				315EBA091DED35120028056C /* DetailNewsViewController.m */,
			);
			path = C;
			sourceTree = "<group>";
		};
		315EBA0A1DED35120028056C /* Extend */ = {
			isa = PBXGroup;
			children = (
				315EBA0B1DED35120028056C /* UIView+Additons.h */,
				315EBA0C1DED35120028056C /* UIView+Additons.m */,
				315EBA0D1DED35120028056C /* UIView_UIView_Addition.h */,
			);
			path = Extend;
			sourceTree = "<group>";
		};
		315EBA0E1DED35120028056C /* M */ = {
			isa = PBXGroup;
			children = (
				315EBA0F1DED35120028056C /* DetailNewsResponse.h */,
				315EBA101DED35120028056C /* DetailNewsResponse.m */,
			);
			path = M;
			sourceTree = "<group>";
		};
		315EBA111DED35120028056C /* V */ = {
			isa = PBXGroup;
			children = (
				315EBA121DED35120028056C /* DetailHeaderView.h */,
				315EBA131DED35120028056C /* DetailHeaderView.m */,
				315EBA141DED35120028056C /* DetailNewsView.h */,
				315EBA151DED35120028056C /* DetailNewsView.m */,
				315EBA161DED35120028056C /* DetailToolBarView.h */,
				315EBA171DED35120028056C /* DetailToolBarView.m */,
			);
			path = V;
			sourceTree = "<group>";
		};
		315EBA201DED35450028056C /* Supporting Files */ = {
			isa = PBXGroup;
			children = (
				315EBA211DED35450028056C /* Assets.xcassets */,
				315EBA221DED35450028056C /* Info.plist */,
				315EBA231DED35450028056C /* main.m */,
				315EBA241DED35450028056C /* ViewController.h */,
				315EBA251DED35450028056C /* ViewController.m */,
			);
			path = "Supporting Files";
			sourceTree = "<group>";
		};
		315EBA2A1DED35A90028056C /* Category */ = {
			isa = PBXGroup;
			children = (
				315EBA2B1DED35A90028056C /* pch */,
			);
			path = Category;
			sourceTree = "<group>";
		};
		315EBA2B1DED35A90028056C /* pch */ = {
			isa = PBXGroup;
			children = (
				315EBA2C1DED35A90028056C /* PrefixHeader.pch */,
			);
			path = pch;
			sourceTree = "<group>";
		};
		31B61A241D92C1E5004340B8 = {
			isa = PBXGroup;
			children = (
				31B61A2F1D92C1E5004340B8 /* MyZhihuDaily */,
				31B61A491D92C1E5004340B8 /* MyZhihuDailyTests */,
				31B61A541D92C1E5004340B8 /* MyZhihuDailyUITests */,
				31B61A2E1D92C1E5004340B8 /* Products */,
				0895D17027462538B0E53A88 /* Pods */,
				20091B040E7AF30598C2B393 /* Frameworks */,
			);
			sourceTree = "<group>";
		};
		31B61A2E1D92C1E5004340B8 /* Products */ = {
			isa = PBXGroup;
			children = (
				31B61A2D1D92C1E5004340B8 /* MyZhihuDaily.app */,
				31B61A461D92C1E5004340B8 /* MyZhihuDailyTests.xctest */,
				31B61A511D92C1E5004340B8 /* MyZhihuDailyUITests.xctest */,
			);
			name = Products;
			sourceTree = "<group>";
		};
		31B61A2F1D92C1E5004340B8 /* MyZhihuDaily */ = {
			isa = PBXGroup;
			children = (
				315EB9BF1DED34A20028056C /* AppDelegate */,
				315EB9C31DED34B90028056C /* NetWork */,
				315EB9E81DED34E90028056C /* Lanuch */,
				315EB9D11DED34CE0028056C /* ThemeDaily */,
				315EB9D51DED34DD0028056C /* HomePage */,
				315EB9F31DED35000028056C /* LeftMenu */,
				315EBA061DED35120028056C /* DetailNews */,
				315EBA2A1DED35A90028056C /* Category */,
				315EBA201DED35450028056C /* Supporting Files */,
			);
			path = MyZhihuDaily;
			sourceTree = "<group>";
		};
		31B61A491D92C1E5004340B8 /* MyZhihuDailyTests */ = {
			isa = PBXGroup;
			children = (
				31B61A4A1D92C1E5004340B8 /* MyZhihuDailyTests.m */,
				31B61A4C1D92C1E5004340B8 /* Info.plist */,
			);
			path = MyZhihuDailyTests;
			sourceTree = "<group>";
		};
		31B61A541D92C1E5004340B8 /* MyZhihuDailyUITests */ = {
			isa = PBXGroup;
			children = (
				31B61A551D92C1E5004340B8 /* MyZhihuDailyUITests.m */,
				31B61A571D92C1E5004340B8 /* Info.plist */,
			);
			path = MyZhihuDailyUITests;
			sourceTree = "<group>";
		};
/* End PBXGroup section */

/* Begin PBXNativeTarget section */
		31B61A2C1D92C1E5004340B8 /* MyZhihuDaily */ = {
			isa = PBXNativeTarget;
			buildConfigurationList = 31B61A5A1D92C1E5004340B8 /* Build configuration list for PBXNativeTarget "MyZhihuDaily" */;
			buildPhases = (
				EED7839424BEE6FF6956D75E /* [CP] Check Pods Manifest.lock */,
				31B61A291D92C1E5004340B8 /* Sources */,
				31B61A2A1D92C1E5004340B8 /* Frameworks */,
				31B61A2B1D92C1E5004340B8 /* Resources */,
				D8FBF1CCDA0AE0882576CFFC /* [CP] Embed Pods Frameworks */,
				3E8378BBF674E45E86FE7327 /* [CP] Copy Pods Resources */,
			);
			buildRules = (
			);
			dependencies = (
			);
			name = MyZhihuDaily;
			productName = MyZhihuDaily;
			productReference = 31B61A2D1D92C1E5004340B8 /* MyZhihuDaily.app */;
			productType = "com.apple.product-type.application";
		};
		31B61A451D92C1E5004340B8 /* MyZhihuDailyTests */ = {
			isa = PBXNativeTarget;
			buildConfigurationList = 31B61A5D1D92C1E5004340B8 /* Build configuration list for PBXNativeTarget "MyZhihuDailyTests" */;
			buildPhases = (
				31B61A421D92C1E5004340B8 /* Sources */,
				31B61A431D92C1E5004340B8 /* Frameworks */,
				31B61A441D92C1E5004340B8 /* Resources */,
			);
			buildRules = (
			);
			dependencies = (
				31B61A481D92C1E5004340B8 /* PBXTargetDependency */,
			);
			name = MyZhihuDailyTests;
			productName = MyZhihuDailyTests;
			productReference = 31B61A461D92C1E5004340B8 /* MyZhihuDailyTests.xctest */;
			productType = "com.apple.product-type.bundle.unit-test";
		};
		31B61A501D92C1E5004340B8 /* MyZhihuDailyUITests */ = {
			isa = PBXNativeTarget;
			buildConfigurationList = 31B61A601D92C1E5004340B8 /* Build configuration list for PBXNativeTarget "MyZhihuDailyUITests" */;
			buildPhases = (
				31B61A4D1D92C1E5004340B8 /* Sources */,
				31B61A4E1D92C1E5004340B8 /* Frameworks */,
				31B61A4F1D92C1E5004340B8 /* Resources */,
			);
			buildRules = (
			);
			dependencies = (
				31B61A531D92C1E5004340B8 /* PBXTargetDependency */,
			);
			name = MyZhihuDailyUITests;
			productName = MyZhihuDailyUITests;
			productReference = 31B61A511D92C1E5004340B8 /* MyZhihuDailyUITests.xctest */;
			productType = "com.apple.product-type.bundle.ui-testing";
		};
/* End PBXNativeTarget section */

/* Begin PBXProject section */
		31B61A251D92C1E5004340B8 /* Project object */ = {
			isa = PBXProject;
			attributes = {
				LastUpgradeCheck = 0800;
				ORGANIZATIONNAME = xuyanli;
				TargetAttributes = {
					31B61A2C1D92C1E5004340B8 = {
						CreatedOnToolsVersion = 8.0;
						DevelopmentTeam = QVLHQH4PB7;
						ProvisioningStyle = Manual;
					};
					31B61A451D92C1E5004340B8 = {
						CreatedOnToolsVersion = 8.0;
						ProvisioningStyle = Automatic;
						TestTargetID = 31B61A2C1D92C1E5004340B8;
					};
					31B61A501D92C1E5004340B8 = {
						CreatedOnToolsVersion = 8.0;
						ProvisioningStyle = Automatic;
						TestTargetID = 31B61A2C1D92C1E5004340B8;
					};
				};
			};
			buildConfigurationList = 31B61A281D92C1E5004340B8 /* Build configuration list for PBXProject "MyZhihuDaily" */;
			compatibilityVersion = "Xcode 3.2";
			developmentRegion = English;
			hasScannedForEncodings = 0;
			knownRegions = (
				en,
				Base,
			);
			mainGroup = 31B61A241D92C1E5004340B8;
			productRefGroup = 31B61A2E1D92C1E5004340B8 /* Products */;
			projectDirPath = "";
			projectRoot = "";
			targets = (
				31B61A2C1D92C1E5004340B8 /* MyZhihuDaily */,
				31B61A451D92C1E5004340B8 /* MyZhihuDailyTests */,
				31B61A501D92C1E5004340B8 /* MyZhihuDailyUITests */,
			);
		};
/* End PBXProject section */

/* Begin PBXResourcesBuildPhase section */
		31B61A2B1D92C1E5004340B8 /* Resources */ = {
			isa = PBXResourcesBuildPhase;
			buildActionMask = 2147483647;
			files = (
				315EBA271DED35450028056C /* Info.plist in Resources */,
				315EB9F21DED34E90028056C /* LanuchScreen.xib in Resources */,
				315EBA261DED35450028056C /* Assets.xcassets in Resources */,
				315EB9F11DED34E90028056C /* Lanuch.xib in Resources */,
			);
			runOnlyForDeploymentPostprocessing = 0;
		};
		31B61A441D92C1E5004340B8 /* Resources */ = {
			isa = PBXResourcesBuildPhase;
			buildActionMask = 2147483647;
			files = (
			);
			runOnlyForDeploymentPostprocessing = 0;
		};
		31B61A4F1D92C1E5004340B8 /* Resources */ = {
			isa = PBXResourcesBuildPhase;
			buildActionMask = 2147483647;
			files = (
			);
			runOnlyForDeploymentPostprocessing = 0;
		};
/* End PBXResourcesBuildPhase section */

/* Begin PBXShellScriptBuildPhase section */
		3E8378BBF674E45E86FE7327 /* [CP] Copy Pods Resources */ = {
			isa = PBXShellScriptBuildPhase;
			buildActionMask = 2147483647;
			files = (
			);
			inputPaths = (
			);
			name = "[CP] Copy Pods Resources";
			outputPaths = (
			);
			runOnlyForDeploymentPostprocessing = 0;
			shellPath = /bin/sh;
			shellScript = "\"${SRCROOT}/Pods/Target Support Files/Pods-MyZhihuDaily/Pods-MyZhihuDaily-resources.sh\"\n";
			showEnvVarsInLog = 0;
		};
		D8FBF1CCDA0AE0882576CFFC /* [CP] Embed Pods Frameworks */ = {
			isa = PBXShellScriptBuildPhase;
			buildActionMask = 2147483647;
			files = (
			);
			inputPaths = (
			);
			name = "[CP] Embed Pods Frameworks";
			outputPaths = (
			);
			runOnlyForDeploymentPostprocessing = 0;
			shellPath = /bin/sh;
			shellScript = "\"${SRCROOT}/Pods/Target Support Files/Pods-MyZhihuDaily/Pods-MyZhihuDaily-frameworks.sh\"\n";
			showEnvVarsInLog = 0;
		};
		EED7839424BEE6FF6956D75E /* [CP] Check Pods Manifest.lock */ = {
			isa = PBXShellScriptBuildPhase;
			buildActionMask = 2147483647;
			files = (
			);
			inputPaths = (
			);
			name = "[CP] Check Pods Manifest.lock";
			outputPaths = (
			);
			runOnlyForDeploymentPostprocessing = 0;
			shellPath = /bin/sh;
			shellScript = "diff \"${PODS_ROOT}/../Podfile.lock\" \"${PODS_ROOT}/Manifest.lock\" > /dev/null\nif [[ $? != 0 ]] ; then\n    cat << EOM\nerror: The sandbox is not in sync with the Podfile.lock. Run 'pod install' or update your CocoaPods installation.\nEOM\n    exit 1\nfi\n";
			showEnvVarsInLog = 0;
		};
/* End PBXShellScriptBuildPhase section */

/* Begin PBXSourcesBuildPhase section */
		31B61A291D92C1E5004340B8 /* Sources */ = {
			isa = PBXSourcesBuildPhase;
			buildActionMask = 2147483647;
			files = (
				315EBA181DED35120028056C /* DetailNewsViewController.m in Sources */,
				315EBA1A1DED35120028056C /* DetailNewsResponse.m in Sources */,
				315EB9CE1DED34B90028056C /* NewsResponseModel.m in Sources */,
				315EBA051DED35000028056C /* LeftMenuTableViewCell.m in Sources */,
				315EBA031DED35000028056C /* FooterView.m in Sources */,
				315EBA021DED35000028056C /* LeftMenuModel.m in Sources */,
				315EB9F01DED34E90028056C /* LanuchViewController.m in Sources */,
				315EBA041DED35000028056C /* HearderView.m in Sources */,
				315EBA1C1DED35120028056C /* DetailNewsView.m in Sources */,
				315EB9CF1DED34B90028056C /* PreviousNewsModel.m in Sources */,
				315EBA281DED35450028056C /* main.m in Sources */,
				315EB9E41DED34DD0028056C /* HomePageViewController.m in Sources */,
				315EBA011DED35000028056C /* LeftMenuViewController.m in Sources */,
				315EBA191DED35120028056C /* UIView+Additons.m in Sources */,
				315EB9D01DED34B90028056C /* TopNewsResponseModel.m in Sources */,
				315EB9E61DED34DD0028056C /* HomepageCell.m in Sources */,
				315EB9E31DED34DD0028056C /* HomePageDataManager.m in Sources */,
				315EB9E71DED34DD0028056C /* SectionHeaderView.m in Sources */,
				315EBA291DED35450028056C /* ViewController.m in Sources */,
				315EB9E51DED34DD0028056C /* HeadView.m in Sources */,
				315EBA1B1DED35120028056C /* DetailHeaderView.m in Sources */,
				315EB9C21DED34A20028056C /* AppDelegate.m in Sources */,
				315EB9CD1DED34B90028056C /* NewsListResponseModel.m in Sources */,
				315EBA1D1DED35120028056C /* DetailToolBarView.m in Sources */,
			);
			runOnlyForDeploymentPostprocessing = 0;
		};
		31B61A421D92C1E5004340B8 /* Sources */ = {
			isa = PBXSourcesBuildPhase;
			buildActionMask = 2147483647;
			files = (
				31B61A4B1D92C1E5004340B8 /* MyZhihuDailyTests.m in Sources */,
			);
			runOnlyForDeploymentPostprocessing = 0;
		};
		31B61A4D1D92C1E5004340B8 /* Sources */ = {
			isa = PBXSourcesBuildPhase;
			buildActionMask = 2147483647;
			files = (
				31B61A561D92C1E5004340B8 /* MyZhihuDailyUITests.m in Sources */,
			);
			runOnlyForDeploymentPostprocessing = 0;
		};
/* End PBXSourcesBuildPhase section */

/* Begin PBXTargetDependency section */
		31B61A481D92C1E5004340B8 /* PBXTargetDependency */ = {
			isa = PBXTargetDependency;
			target = 31B61A2C1D92C1E5004340B8 /* MyZhihuDaily */;
			targetProxy = 31B61A471D92C1E5004340B8 /* PBXContainerItemProxy */;
		};
		31B61A531D92C1E5004340B8 /* PBXTargetDependency */ = {
			isa = PBXTargetDependency;
			target = 31B61A2C1D92C1E5004340B8 /* MyZhihuDaily */;
			targetProxy = 31B61A521D92C1E5004340B8 /* PBXContainerItemProxy */;
		};
/* End PBXTargetDependency section */

/* Begin XCBuildConfiguration section */
		31B61A581D92C1E5004340B8 /* Debug */ = {
			isa = XCBuildConfiguration;
			buildSettings = {
				ALWAYS_SEARCH_USER_PATHS = NO;
				CLANG_ANALYZER_NONNULL = YES;
				CLANG_CXX_LANGUAGE_STANDARD = "gnu++0x";
				CLANG_CXX_LIBRARY = "libc++";
				CLANG_ENABLE_MODULES = YES;
				CLANG_ENABLE_OBJC_ARC = YES;
				CLANG_WARN_BOOL_CONVERSION = YES;
				CLANG_WARN_CONSTANT_CONVERSION = YES;
				CLANG_WARN_DIRECT_OBJC_ISA_USAGE = YES_ERROR;
				CLANG_WARN_DOCUMENTATION_COMMENTS = YES;
				CLANG_WARN_EMPTY_BODY = YES;
				CLANG_WARN_ENUM_CONVERSION = YES;
				CLANG_WARN_INFINITE_RECURSION = YES;
				CLANG_WARN_INT_CONVERSION = YES;
				CLANG_WARN_OBJC_ROOT_CLASS = YES_ERROR;
				CLANG_WARN_SUSPICIOUS_MOVE = YES;
				CLANG_WARN_SUSPICIOUS_MOVES = YES;
				CLANG_WARN_UNREACHABLE_CODE = YES;
				CLANG_WARN__DUPLICATE_METHOD_MATCH = YES;
				"CODE_SIGN_IDENTITY[sdk=iphoneos*]" = "iPhone Developer";
				COPY_PHASE_STRIP = NO;
				DEBUG_INFORMATION_FORMAT = dwarf;
				ENABLE_STRICT_OBJC_MSGSEND = YES;
				ENABLE_TESTABILITY = YES;
				GCC_C_LANGUAGE_STANDARD = gnu99;
				GCC_DYNAMIC_NO_PIC = NO;
				GCC_NO_COMMON_BLOCKS = YES;
				GCC_OPTIMIZATION_LEVEL = 0;
				GCC_PREPROCESSOR_DEFINITIONS = (
					"DEBUG=1",
					"$(inherited)",
				);
				GCC_WARN_64_TO_32_BIT_CONVERSION = YES;
				GCC_WARN_ABOUT_RETURN_TYPE = YES_ERROR;
				GCC_WARN_UNDECLARED_SELECTOR = YES;
				GCC_WARN_UNINITIALIZED_AUTOS = YES_AGGRESSIVE;
				GCC_WARN_UNUSED_FUNCTION = YES;
				GCC_WARN_UNUSED_VARIABLE = YES;
				IPHONEOS_DEPLOYMENT_TARGET = 10.0;
				MTL_ENABLE_DEBUG_INFO = YES;
				ONLY_ACTIVE_ARCH = YES;
				SDKROOT = iphoneos;
			};
			name = Debug;
		};
		31B61A591D92C1E5004340B8 /* Release */ = {
			isa = XCBuildConfiguration;
			buildSettings = {
				ALWAYS_SEARCH_USER_PATHS = NO;
				CLANG_ANALYZER_NONNULL = YES;
				CLANG_CXX_LANGUAGE_STANDARD = "gnu++0x";
				CLANG_CXX_LIBRARY = "libc++";
				CLANG_ENABLE_MODULES = YES;
				CLANG_ENABLE_OBJC_ARC = YES;
				CLANG_WARN_BOOL_CONVERSION = YES;
				CLANG_WARN_CONSTANT_CONVERSION = YES;
				CLANG_WARN_DIRECT_OBJC_ISA_USAGE = YES_ERROR;
				CLANG_WARN_DOCUMENTATION_COMMENTS = YES;
				CLANG_WARN_EMPTY_BODY = YES;
				CLANG_WARN_ENUM_CONVERSION = YES;
				CLANG_WARN_INFINITE_RECURSION = YES;
				CLANG_WARN_INT_CONVERSION = YES;
				CLANG_WARN_OBJC_ROOT_CLASS = YES_ERROR;
				CLANG_WARN_SUSPICIOUS_MOVE = YES;
				CLANG_WARN_SUSPICIOUS_MOVES = YES;
				CLANG_WARN_UNREACHABLE_CODE = YES;
				CLANG_WARN__DUPLICATE_METHOD_MATCH = YES;
				"CODE_SIGN_IDENTITY[sdk=iphoneos*]" = "iPhone Developer";
				COPY_PHASE_STRIP = NO;
				DEBUG_INFORMATION_FORMAT = "dwarf-with-dsym";
				ENABLE_NS_ASSERTIONS = NO;
				ENABLE_STRICT_OBJC_MSGSEND = YES;
				GCC_C_LANGUAGE_STANDARD = gnu99;
				GCC_NO_COMMON_BLOCKS = YES;
				GCC_WARN_64_TO_32_BIT_CONVERSION = YES;
				GCC_WARN_ABOUT_RETURN_TYPE = YES_ERROR;
				GCC_WARN_UNDECLARED_SELECTOR = YES;
				GCC_WARN_UNINITIALIZED_AUTOS = YES_AGGRESSIVE;
				GCC_WARN_UNUSED_FUNCTION = YES;
				GCC_WARN_UNUSED_VARIABLE = YES;
				IPHONEOS_DEPLOYMENT_TARGET = 10.0;
				MTL_ENABLE_DEBUG_INFO = NO;
				SDKROOT = iphoneos;
				VALIDATE_PRODUCT = YES;
			};
			name = Release;
		};
		31B61A5B1D92C1E5004340B8 /* Debug */ = {
			isa = XCBuildConfiguration;
			baseConfigurationReference = C0507775A731B2007923B002 /* Pods-MyZhihuDaily.debug.xcconfig */;
			buildSettings = {
				ASSETCATALOG_COMPILER_APPICON_NAME = AppIcon;
				CODE_SIGN_IDENTITY = "iPhone Developer";
				DEVELOPMENT_TEAM = QVLHQH4PB7;
				GCC_INCREASE_PRECOMPILED_HEADER_SHARING = YES;
				GCC_PRECOMPILE_PREFIX_HEADER = YES;
				GCC_PREFIX_HEADER = "$(SRCROOT)/MyZhihuDaily/Category/pch/PrefixHeader.pch";
				INFOPLIST_FILE = "MyZhihuDaily/Supporting Files/Info.plist";
				LD_RUNPATH_SEARCH_PATHS = "$(inherited) @executable_path/Frameworks";
				PRODUCT_BUNDLE_IDENTIFIER = com.bulaba.ios;
				PRODUCT_NAME = "$(TARGET_NAME)";
				PROVISIONING_PROFILE = "a7dfd3b1-abf2-4d37-83b8-cb9aa07ff697";
				PROVISIONING_PROFILE_SPECIFIER = bulaba;
			};
			name = Debug;
		};
		31B61A5C1D92C1E5004340B8 /* Release */ = {
			isa = XCBuildConfiguration;
			baseConfigurationReference = 63AC05C865ADA5C519213A65 /* Pods-MyZhihuDaily.release.xcconfig */;
			buildSettings = {
				ASSETCATALOG_COMPILER_APPICON_NAME = AppIcon;
				CODE_SIGN_IDENTITY = "iPhone Developer";
				DEVELOPMENT_TEAM = QVLHQH4PB7;
				GCC_INCREASE_PRECOMPILED_HEADER_SHARING = YES;
				GCC_PRECOMPILE_PREFIX_HEADER = YES;
				GCC_PREFIX_HEADER = "$(SRCROOT)/MyZhihuDaily/Category/pch/PrefixHeader.pch";
				INFOPLIST_FILE = "MyZhihuDaily/Supporting Files/Info.plist";
				LD_RUNPATH_SEARCH_PATHS = "$(inherited) @executable_path/Frameworks";
				PRODUCT_BUNDLE_IDENTIFIER = com.bulaba.ios;
				PRODUCT_NAME = "$(TARGET_NAME)";
				PROVISIONING_PROFILE = "a7dfd3b1-abf2-4d37-83b8-cb9aa07ff697";
				PROVISIONING_PROFILE_SPECIFIER = bulaba;
			};
			name = Release;
		};
		31B61A5E1D92C1E5004340B8 /* Debug */ = {
			isa = XCBuildConfiguration;
			buildSettings = {
				BUNDLE_LOADER = "$(TEST_HOST)";
				INFOPLIST_FILE = MyZhihuDailyTests/Info.plist;
				LD_RUNPATH_SEARCH_PATHS = "$(inherited) @executable_path/Frameworks @loader_path/Frameworks";
				PRODUCT_BUNDLE_IDENTIFIER = mobile.os.MyZhihuDailyTests;
				PRODUCT_NAME = "$(TARGET_NAME)";
				TEST_HOST = "$(BUILT_PRODUCTS_DIR)/MyZhihuDaily.app/MyZhihuDaily";
			};
			name = Debug;
		};
		31B61A5F1D92C1E5004340B8 /* Release */ = {
			isa = XCBuildConfiguration;
			buildSettings = {
				BUNDLE_LOADER = "$(TEST_HOST)";
				INFOPLIST_FILE = MyZhihuDailyTests/Info.plist;
				LD_RUNPATH_SEARCH_PATHS = "$(inherited) @executable_path/Frameworks @loader_path/Frameworks";
				PRODUCT_BUNDLE_IDENTIFIER = mobile.os.MyZhihuDailyTests;
				PRODUCT_NAME = "$(TARGET_NAME)";
				TEST_HOST = "$(BUILT_PRODUCTS_DIR)/MyZhihuDaily.app/MyZhihuDaily";
			};
			name = Release;
		};
		31B61A611D92C1E5004340B8 /* Debug */ = {
			isa = XCBuildConfiguration;
			buildSettings = {
				INFOPLIST_FILE = MyZhihuDailyUITests/Info.plist;
				LD_RUNPATH_SEARCH_PATHS = "$(inherited) @executable_path/Frameworks @loader_path/Frameworks";
				PRODUCT_BUNDLE_IDENTIFIER = mobile.os.MyZhihuDailyUITests;
				PRODUCT_NAME = "$(TARGET_NAME)";
				TEST_TARGET_NAME = MyZhihuDaily;
			};
			name = Debug;
		};
		31B61A621D92C1E5004340B8 /* Release */ = {
			isa = XCBuildConfiguration;
			buildSettings = {
				INFOPLIST_FILE = MyZhihuDailyUITests/Info.plist;
				LD_RUNPATH_SEARCH_PATHS = "$(inherited) @executable_path/Frameworks @loader_path/Frameworks";
				PRODUCT_BUNDLE_IDENTIFIER = mobile.os.MyZhihuDailyUITests;
				PRODUCT_NAME = "$(TARGET_NAME)";
				TEST_TARGET_NAME = MyZhihuDaily;
			};
			name = Release;
		};
/* End XCBuildConfiguration section */

/* Begin XCConfigurationList section */
		31B61A281D92C1E5004340B8 /* Build configuration list for PBXProject "MyZhihuDaily" */ = {
			isa = XCConfigurationList;
			buildConfigurations = (
				31B61A581D92C1E5004340B8 /* Debug */,
				31B61A591D92C1E5004340B8 /* Release */,
			);
			defaultConfigurationIsVisible = 0;
			defaultConfigurationName = Release;
		};
		31B61A5A1D92C1E5004340B8 /* Build configuration list for PBXNativeTarget "MyZhihuDaily" */ = {
			isa = XCConfigurationList;
			buildConfigurations = (
				31B61A5B1D92C1E5004340B8 /* Debug */,
				31B61A5C1D92C1E5004340B8 /* Release */,
			);
			defaultConfigurationIsVisible = 0;
			defaultConfigurationName = Release;
		};
		31B61A5D1D92C1E5004340B8 /* Build configuration list for PBXNativeTarget "MyZhihuDailyTests" */ = {
			isa = XCConfigurationList;
			buildConfigurations = (
				31B61A5E1D92C1E5004340B8 /* Debug */,
				31B61A5F1D92C1E5004340B8 /* Release */,
			);
			defaultConfigurationIsVisible = 0;
			defaultConfigurationName = Release;
		};
		31B61A601D92C1E5004340B8 /* Build configuration list for PBXNativeTarget "MyZhihuDailyUITests" */ = {
			isa = XCConfigurationList;
			buildConfigurations = (
				31B61A611D92C1E5004340B8 /* Debug */,
				31B61A621D92C1E5004340B8 /* Release */,
			);
			defaultConfigurationIsVisible = 0;
			defaultConfigurationName = Release;
		};
/* End XCConfigurationList section */
	};
	rootObject = 31B61A251D92C1E5004340B8 /* Project object */;
}
