// !$*UTF8*$!
{
	archiveVersion = 1;
	classes = {
	};
	objectVersion = 46;
	objects = {

/* Begin PBXBuildFile section */
		31DD05ED1D3E238000AEF13E /* main.m in Sources */ = {isa = PBXBuildFile; fileRef = 31DD05EC1D3E238000AEF13E /* main.m */; };
		31DD05F01D3E238000AEF13E /* AppDelegate.m in Sources */ = {isa = PBXBuildFile; fileRef = 31DD05EF1D3E238000AEF13E /* AppDelegate.m */; };
		31DD05F31D3E238000AEF13E /* ViewController.m in Sources */ = {isa = PBXBuildFile; fileRef = 31DD05F21D3E238000AEF13E /* ViewController.m */; };
		31DD05F61D3E238000AEF13E /* Main.storyboard in Resources */ = {isa = PBXBuildFile; fileRef = 31DD05F41D3E238000AEF13E /* Main.storyboard */; };
		31DD05F81D3E238000AEF13E /* Assets.xcassets in Resources */ = {isa = PBXBuildFile; fileRef = 31DD05F71D3E238000AEF13E /* Assets.xcassets */; };
		31DD05FB1D3E238000AEF13E /* LaunchScreen.storyboard in Resources */ = {isa = PBXBuildFile; fileRef = 31DD05F91D3E238000AEF13E /* LaunchScreen.storyboard */; };
		31DD06061D3E238000AEF13E /* testUIDatePickerTests.m in Sources */ = {isa = PBXBuildFile; fileRef = 31DD06051D3E238000AEF13E /* testUIDatePickerTests.m */; };
		31DD06111D3E238000AEF13E /* testUIDatePickerUITests.m in Sources */ = {isa = PBXBuildFile; fileRef = 31DD06101D3E238000AEF13E /* testUIDatePickerUITests.m */; };
/* End PBXBuildFile section */

/* Begin PBXContainerItemProxy section */
		31DD06021D3E238000AEF13E /* PBXContainerItemProxy */ = {
			isa = PBXContainerItemProxy;
			containerPortal = 31DD05E01D3E238000AEF13E /* Project object */;
			proxyType = 1;
			remoteGlobalIDString = 31DD05E71D3E238000AEF13E;
			remoteInfo = testUIDatePicker;
		};
		31DD060D1D3E238000AEF13E /* PBXContainerItemProxy */ = {
			isa = PBXContainerItemProxy;
			containerPortal = 31DD05E01D3E238000AEF13E /* Project object */;
			proxyType = 1;
			remoteGlobalIDString = 31DD05E71D3E238000AEF13E;
			remoteInfo = testUIDatePicker;
		};
/* End PBXContainerItemProxy section */

/* Begin PBXFileReference section */
		31DD05E81D3E238000AEF13E /* testUIDatePicker.app */ = {isa = PBXFileReference; explicitFileType = wrapper.application; includeInIndex = 0; path = testUIDatePicker.app; sourceTree = BUILT_PRODUCTS_DIR; };
		31DD05EC1D3E238000AEF13E /* main.m */ = {isa = PBXFileReference; lastKnownFileType = sourcecode.c.objc; path = main.m; sourceTree = "<group>"; };
		31DD05EE1D3E238000AEF13E /* AppDelegate.h */ = {isa = PBXFileReference; lastKnownFileType = sourcecode.c.h; path = AppDelegate.h; sourceTree = "<group>"; };
		31DD05EF1D3E238000AEF13E /* AppDelegate.m */ = {isa = PBXFileReference; lastKnownFileType = sourcecode.c.objc; path = AppDelegate.m; sourceTree = "<group>"; };
		31DD05F11D3E238000AEF13E /* ViewController.h */ = {isa = PBXFileReference; lastKnownFileType = sourcecode.c.h; path = ViewController.h; sourceTree = "<group>"; };
		31DD05F21D3E238000AEF13E /* ViewController.m */ = {isa = PBXFileReference; lastKnownFileType = sourcecode.c.objc; path = ViewController.m; sourceTree = "<group>"; };
		31DD05F51D3E238000AEF13E /* Base */ = {isa = PBXFileReference; lastKnownFileType = file.storyboard; name = Base; path = Base.lproj/Main.storyboard; sourceTree = "<group>"; };
		31DD05F71D3E238000AEF13E /* Assets.xcassets */ = {isa = PBXFileReference; lastKnownFileType = folder.assetcatalog; path = Assets.xcassets; sourceTree = "<group>"; };
		31DD05FA1D3E238000AEF13E /* Base */ = {isa = PBXFileReference; lastKnownFileType = file.storyboard; name = Base; path = Base.lproj/LaunchScreen.storyboard; sourceTree = "<group>"; };
		31DD05FC1D3E238000AEF13E /* Info.plist */ = {isa = PBXFileReference; lastKnownFileType = text.plist.xml; path = Info.plist; sourceTree = "<group>"; };
		31DD06011D3E238000AEF13E /* testUIDatePickerTests.xctest */ = {isa = PBXFileReference; explicitFileType = wrapper.cfbundle; includeInIndex = 0; path = testUIDatePickerTests.xctest; sourceTree = BUILT_PRODUCTS_DIR; };
		31DD06051D3E238000AEF13E /* testUIDatePickerTests.m */ = {isa = PBXFileReference; lastKnownFileType = sourcecode.c.objc; path = testUIDatePickerTests.m; sourceTree = "<group>"; };
		31DD06071D3E238000AEF13E /* Info.plist */ = {isa = PBXFileReference; lastKnownFileType = text.plist.xml; path = Info.plist; sourceTree = "<group>"; };
		31DD060C1D3E238000AEF13E /* testUIDatePickerUITests.xctest */ = {isa = PBXFileReference; explicitFileType = wrapper.cfbundle; includeInIndex = 0; path = testUIDatePickerUITests.xctest; sourceTree = BUILT_PRODUCTS_DIR; };
		31DD06101D3E238000AEF13E /* testUIDatePickerUITests.m */ = {isa = PBXFileReference; lastKnownFileType = sourcecode.c.objc; path = testUIDatePickerUITests.m; sourceTree = "<group>"; };
		31DD06121D3E238000AEF13E /* Info.plist */ = {isa = PBXFileReference; lastKnownFileType = text.plist.xml; path = Info.plist; sourceTree = "<group>"; };
/* End PBXFileReference section */

/* Begin PBXFrameworksBuildPhase section */
		31DD05E51D3E238000AEF13E /* Frameworks */ = {
			isa = PBXFrameworksBuildPhase;
			buildActionMask = 2147483647;
			files = (
			);
			runOnlyForDeploymentPostprocessing = 0;
		};
		31DD05FE1D3E238000AEF13E /* Frameworks */ = {
			isa = PBXFrameworksBuildPhase;
			buildActionMask = 2147483647;
			files = (
			);
			runOnlyForDeploymentPostprocessing = 0;
		};
		31DD06091D3E238000AEF13E /* Frameworks */ = {
			isa = PBXFrameworksBuildPhase;
			buildActionMask = 2147483647;
			files = (
			);
			runOnlyForDeploymentPostprocessing = 0;
		};
/* End PBXFrameworksBuildPhase section */

/* Begin PBXGroup section */
		31DD05DF1D3E238000AEF13E = {
			isa = PBXGroup;
			children = (
				31DD05EA1D3E238000AEF13E /* testUIDatePicker */,
				31DD06041D3E238000AEF13E /* testUIDatePickerTests */,
				31DD060F1D3E238000AEF13E /* testUIDatePickerUITests */,
				31DD05E91D3E238000AEF13E /* Products */,
			);
			sourceTree = "<group>";
		};
		31DD05E91D3E238000AEF13E /* Products */ = {
			isa = PBXGroup;
			children = (
				31DD05E81D3E238000AEF13E /* testUIDatePicker.app */,
				31DD06011D3E238000AEF13E /* testUIDatePickerTests.xctest */,
				31DD060C1D3E238000AEF13E /* testUIDatePickerUITests.xctest */,
			);
			name = Products;
			sourceTree = "<group>";
		};
		31DD05EA1D3E238000AEF13E /* testUIDatePicker */ = {
			isa = PBXGroup;
			children = (
				31DD05EE1D3E238000AEF13E /* AppDelegate.h */,
				31DD05EF1D3E238000AEF13E /* AppDelegate.m */,
				31DD05F11D3E238000AEF13E /* ViewController.h */,
				31DD05F21D3E238000AEF13E /* ViewController.m */,
				31DD05F41D3E238000AEF13E /* Main.storyboard */,
				31DD05F71D3E238000AEF13E /* Assets.xcassets */,
				31DD05F91D3E238000AEF13E /* LaunchScreen.storyboard */,
				31DD05FC1D3E238000AEF13E /* Info.plist */,
				31DD05EB1D3E238000AEF13E /* Supporting Files */,
			);
			path = testUIDatePicker;
			sourceTree = "<group>";
		};
		31DD05EB1D3E238000AEF13E /* Supporting Files */ = {
			isa = PBXGroup;
			children = (
				31DD05EC1D3E238000AEF13E /* main.m */,
			);
			name = "Supporting Files";
			sourceTree = "<group>";
		};
		31DD06041D3E238000AEF13E /* testUIDatePickerTests */ = {
			isa = PBXGroup;
			children = (
				31DD06051D3E238000AEF13E /* testUIDatePickerTests.m */,
				31DD06071D3E238000AEF13E /* Info.plist */,
			);
			path = testUIDatePickerTests;
			sourceTree = "<group>";
		};
		31DD060F1D3E238000AEF13E /* testUIDatePickerUITests */ = {
			isa = PBXGroup;
			children = (
				31DD06101D3E238000AEF13E /* testUIDatePickerUITests.m */,
				31DD06121D3E238000AEF13E /* Info.plist */,
			);
			path = testUIDatePickerUITests;
			sourceTree = "<group>";
		};
/* End PBXGroup section */

/* Begin PBXNativeTarget section */
		31DD05E71D3E238000AEF13E /* testUIDatePicker */ = {
			isa = PBXNativeTarget;
			buildConfigurationList = 31DD06151D3E238000AEF13E /* Build configuration list for PBXNativeTarget "testUIDatePicker" */;
			buildPhases = (
				31DD05E41D3E238000AEF13E /* Sources */,
				31DD05E51D3E238000AEF13E /* Frameworks */,
				31DD05E61D3E238000AEF13E /* Resources */,
			);
			buildRules = (
			);
			dependencies = (
			);
			name = testUIDatePicker;
			productName = testUIDatePicker;
			productReference = 31DD05E81D3E238000AEF13E /* testUIDatePicker.app */;
			productType = "com.apple.product-type.application";
		};
		31DD06001D3E238000AEF13E /* testUIDatePickerTests */ = {
			isa = PBXNativeTarget;
			buildConfigurationList = 31DD06181D3E238000AEF13E /* Build configuration list for PBXNativeTarget "testUIDatePickerTests" */;
			buildPhases = (
				31DD05FD1D3E238000AEF13E /* Sources */,
				31DD05FE1D3E238000AEF13E /* Frameworks */,
				31DD05FF1D3E238000AEF13E /* Resources */,
			);
			buildRules = (
			);
			dependencies = (
				31DD06031D3E238000AEF13E /* PBXTargetDependency */,
			);
			name = testUIDatePickerTests;
			productName = testUIDatePickerTests;
			productReference = 31DD06011D3E238000AEF13E /* testUIDatePickerTests.xctest */;
			productType = "com.apple.product-type.bundle.unit-test";
		};
		31DD060B1D3E238000AEF13E /* testUIDatePickerUITests */ = {
			isa = PBXNativeTarget;
			buildConfigurationList = 31DD061B1D3E238000AEF13E /* Build configuration list for PBXNativeTarget "testUIDatePickerUITests" */;
			buildPhases = (
				31DD06081D3E238000AEF13E /* Sources */,
				31DD06091D3E238000AEF13E /* Frameworks */,
				31DD060A1D3E238000AEF13E /* Resources */,
			);
			buildRules = (
			);
			dependencies = (
				31DD060E1D3E238000AEF13E /* PBXTargetDependency */,
			);
			name = testUIDatePickerUITests;
			productName = testUIDatePickerUITests;
			productReference = 31DD060C1D3E238000AEF13E /* testUIDatePickerUITests.xctest */;
			productType = "com.apple.product-type.bundle.ui-testing";
		};
/* End PBXNativeTarget section */

/* Begin PBXProject section */
		31DD05E01D3E238000AEF13E /* Project object */ = {
			isa = PBXProject;
			attributes = {
				LastUpgradeCheck = 0730;
				ORGANIZATIONNAME = xuyanli;
				TargetAttributes = {
					31DD05E71D3E238000AEF13E = {
						CreatedOnToolsVersion = 7.3.1;
					};
					31DD06001D3E238000AEF13E = {
						CreatedOnToolsVersion = 7.3.1;
						TestTargetID = 31DD05E71D3E238000AEF13E;
					};
					31DD060B1D3E238000AEF13E = {
						CreatedOnToolsVersion = 7.3.1;
						TestTargetID = 31DD05E71D3E238000AEF13E;
					};
				};
			};
			buildConfigurationList = 31DD05E31D3E238000AEF13E /* Build configuration list for PBXProject "testUIDatePicker" */;
			compatibilityVersion = "Xcode 3.2";
			developmentRegion = English;
			hasScannedForEncodings = 0;
			knownRegions = (
				en,
				Base,
			);
			mainGroup = 31DD05DF1D3E238000AEF13E;
			productRefGroup = 31DD05E91D3E238000AEF13E /* Products */;
			projectDirPath = "";
			projectRoot = "";
			targets = (
				31DD05E71D3E238000AEF13E /* testUIDatePicker */,
				31DD06001D3E238000AEF13E /* testUIDatePickerTests */,
				31DD060B1D3E238000AEF13E /* testUIDatePickerUITests */,
			);
		};
/* End PBXProject section */

/* Begin PBXResourcesBuildPhase section */
		31DD05E61D3E238000AEF13E /* Resources */ = {
			isa = PBXResourcesBuildPhase;
			buildActionMask = 2147483647;
			files = (
				31DD05FB1D3E238000AEF13E /* LaunchScreen.storyboard in Resources */,
				31DD05F81D3E238000AEF13E /* Assets.xcassets in Resources */,
				31DD05F61D3E238000AEF13E /* Main.storyboard in Resources */,
			);
			runOnlyForDeploymentPostprocessing = 0;
		};
		31DD05FF1D3E238000AEF13E /* Resources */ = {
			isa = PBXResourcesBuildPhase;
			buildActionMask = 2147483647;
			files = (
			);
			runOnlyForDeploymentPostprocessing = 0;
		};
		31DD060A1D3E238000AEF13E /* Resources */ = {
			isa = PBXResourcesBuildPhase;
			buildActionMask = 2147483647;
			files = (
			);
			runOnlyForDeploymentPostprocessing = 0;
		};
/* End PBXResourcesBuildPhase section */

/* Begin PBXSourcesBuildPhase section */
		31DD05E41D3E238000AEF13E /* Sources */ = {
			isa = PBXSourcesBuildPhase;
			buildActionMask = 2147483647;
			files = (
				31DD05F31D3E238000AEF13E /* ViewController.m in Sources */,
				31DD05F01D3E238000AEF13E /* AppDelegate.m in Sources */,
				31DD05ED1D3E238000AEF13E /* main.m in Sources */,
			);
			runOnlyForDeploymentPostprocessing = 0;
		};
		31DD05FD1D3E238000AEF13E /* Sources */ = {
			isa = PBXSourcesBuildPhase;
			buildActionMask = 2147483647;
			files = (
				31DD06061D3E238000AEF13E /* testUIDatePickerTests.m in Sources */,
			);
			runOnlyForDeploymentPostprocessing = 0;
		};
		31DD06081D3E238000AEF13E /* Sources */ = {
			isa = PBXSourcesBuildPhase;
			buildActionMask = 2147483647;
			files = (
				31DD06111D3E238000AEF13E /* testUIDatePickerUITests.m in Sources */,
			);
			runOnlyForDeploymentPostprocessing = 0;
		};
/* End PBXSourcesBuildPhase section */

/* Begin PBXTargetDependency section */
		31DD06031D3E238000AEF13E /* PBXTargetDependency */ = {
			isa = PBXTargetDependency;
			target = 31DD05E71D3E238000AEF13E /* testUIDatePicker */;
			targetProxy = 31DD06021D3E238000AEF13E /* PBXContainerItemProxy */;
		};
		31DD060E1D3E238000AEF13E /* PBXTargetDependency */ = {
			isa = PBXTargetDependency;
			target = 31DD05E71D3E238000AEF13E /* testUIDatePicker */;
			targetProxy = 31DD060D1D3E238000AEF13E /* PBXContainerItemProxy */;
		};
/* End PBXTargetDependency section */

/* Begin PBXVariantGroup section */
		31DD05F41D3E238000AEF13E /* Main.storyboard */ = {
			isa = PBXVariantGroup;
			children = (
				31DD05F51D3E238000AEF13E /* Base */,
			);
			name = Main.storyboard;
			sourceTree = "<group>";
		};
		31DD05F91D3E238000AEF13E /* LaunchScreen.storyboard */ = {
			isa = PBXVariantGroup;
			children = (
				31DD05FA1D3E238000AEF13E /* Base */,
			);
			name = LaunchScreen.storyboard;
			sourceTree = "<group>";
		};
/* End PBXVariantGroup section */

/* Begin XCBuildConfiguration section */
		31DD06131D3E238000AEF13E /* Debug */ = {
			isa = XCBuildConfiguration;
			buildSettings = {
				ALWAYS_SEARCH_USER_PATHS = NO;
				CLANG_ANALYZER_NONNULL = YES;
				CLANG_CXX_LANGUAGE_STANDARD = "gnu++0x";
				CLANG_CXX_LIBRARY = "libc++";
				CLANG_ENABLE_MODULES = YES;
				CLANG_ENABLE_OBJC_ARC = YES;
				CLANG_WARN_BOOL_CONVERSION = YES;
				CLANG_WARN_CONSTANT_CONVERSION = YES;
				CLANG_WARN_DIRECT_OBJC_ISA_USAGE = YES_ERROR;
				CLANG_WARN_EMPTY_BODY = YES;
				CLANG_WARN_ENUM_CONVERSION = YES;
				CLANG_WARN_INT_CONVERSION = YES;
				CLANG_WARN_OBJC_ROOT_CLASS = YES_ERROR;
				CLANG_WARN_UNREACHABLE_CODE = YES;
				CLANG_WARN__DUPLICATE_METHOD_MATCH = YES;
				"CODE_SIGN_IDENTITY[sdk=iphoneos*]" = "iPhone Developer";
				COPY_PHASE_STRIP = NO;
				DEBUG_INFORMATION_FORMAT = dwarf;
				ENABLE_STRICT_OBJC_MSGSEND = YES;
				ENABLE_TESTABILITY = YES;
				GCC_C_LANGUAGE_STANDARD = gnu99;
				GCC_DYNAMIC_NO_PIC = NO;
				GCC_NO_COMMON_BLOCKS = YES;
				GCC_OPTIMIZATION_LEVEL = 0;
				GCC_PREPROCESSOR_DEFINITIONS = (
					"DEBUG=1",
					"$(inherited)",
				);
				GCC_WARN_64_TO_32_BIT_CONVERSION = YES;
				GCC_WARN_ABOUT_RETURN_TYPE = YES_ERROR;
				GCC_WARN_UNDECLARED_SELECTOR = YES;
				GCC_WARN_UNINITIALIZED_AUTOS = YES_AGGRESSIVE;
				GCC_WARN_UNUSED_FUNCTION = YES;
				GCC_WARN_UNUSED_VARIABLE = YES;
				IPHONEOS_DEPLOYMENT_TARGET = 9.3;
				MTL_ENABLE_DEBUG_INFO = YES;
				ONLY_ACTIVE_ARCH = YES;
				SDKROOT = iphoneos;
			};
			name = Debug;
		};
		31DD06141D3E238000AEF13E /* Release */ = {
			isa = XCBuildConfiguration;
			buildSettings = {
				ALWAYS_SEARCH_USER_PATHS = NO;
				CLANG_ANALYZER_NONNULL = YES;
				CLANG_CXX_LANGUAGE_STANDARD = "gnu++0x";
				CLANG_CXX_LIBRARY = "libc++";
				CLANG_ENABLE_MODULES = YES;
				CLANG_ENABLE_OBJC_ARC = YES;
				CLANG_WARN_BOOL_CONVERSION = YES;
				CLANG_WARN_CONSTANT_CONVERSION = YES;
				CLANG_WARN_DIRECT_OBJC_ISA_USAGE = YES_ERROR;
				CLANG_WARN_EMPTY_BODY = YES;
				CLANG_WARN_ENUM_CONVERSION = YES;
				CLANG_WARN_INT_CONVERSION = YES;
				CLANG_WARN_OBJC_ROOT_CLASS = YES_ERROR;
				CLANG_WARN_UNREACHABLE_CODE = YES;
				CLANG_WARN__DUPLICATE_METHOD_MATCH = YES;
				"CODE_SIGN_IDENTITY[sdk=iphoneos*]" = "iPhone Developer";
				COPY_PHASE_STRIP = NO;
				DEBUG_INFORMATION_FORMAT = "dwarf-with-dsym";
				ENABLE_NS_ASSERTIONS = NO;
				ENABLE_STRICT_OBJC_MSGSEND = YES;
				GCC_C_LANGUAGE_STANDARD = gnu99;
				GCC_NO_COMMON_BLOCKS = YES;
				GCC_WARN_64_TO_32_BIT_CONVERSION = YES;
				GCC_WARN_ABOUT_RETURN_TYPE = YES_ERROR;
				GCC_WARN_UNDECLARED_SELECTOR = YES;
				GCC_WARN_UNINITIALIZED_AUTOS = YES_AGGRESSIVE;
				GCC_WARN_UNUSED_FUNCTION = YES;
				GCC_WARN_UNUSED_VARIABLE = YES;
				IPHONEOS_DEPLOYMENT_TARGET = 9.3;
				MTL_ENABLE_DEBUG_INFO = NO;
				SDKROOT = iphoneos;
				VALIDATE_PRODUCT = YES;
			};
			name = Release;
		};
		31DD06161D3E238000AEF13E /* Debug */ = {
			isa = XCBuildConfiguration;
			buildSettings = {
				ASSETCATALOG_COMPILER_APPICON_NAME = AppIcon;
				INFOPLIST_FILE = testUIDatePicker/Info.plist;
				LD_RUNPATH_SEARCH_PATHS = "$(inherited) @executable_path/Frameworks";
				PRODUCT_BUNDLE_IDENTIFIER = mobile.os.testUIDatePicker;
				PRODUCT_NAME = "$(TARGET_NAME)";
			};
			name = Debug;
		};
		31DD06171D3E238000AEF13E /* Release */ = {
			isa = XCBuildConfiguration;
			buildSettings = {
				ASSETCATALOG_COMPILER_APPICON_NAME = AppIcon;
				INFOPLIST_FILE = testUIDatePicker/Info.plist;
				LD_RUNPATH_SEARCH_PATHS = "$(inherited) @executable_path/Frameworks";
				PRODUCT_BUNDLE_IDENTIFIER = mobile.os.testUIDatePicker;
				PRODUCT_NAME = "$(TARGET_NAME)";
			};
			name = Release;
		};
		31DD06191D3E238000AEF13E /* Debug */ = {
			isa = XCBuildConfiguration;
			buildSettings = {
				BUNDLE_LOADER = "$(TEST_HOST)";
				INFOPLIST_FILE = testUIDatePickerTests/Info.plist;
				LD_RUNPATH_SEARCH_PATHS = "$(inherited) @executable_path/Frameworks @loader_path/Frameworks";
				PRODUCT_BUNDLE_IDENTIFIER = mobile.os.testUIDatePickerTests;
				PRODUCT_NAME = "$(TARGET_NAME)";
				TEST_HOST = "$(BUILT_PRODUCTS_DIR)/testUIDatePicker.app/testUIDatePicker";
			};
			name = Debug;
		};
		31DD061A1D3E238000AEF13E /* Release */ = {
			isa = XCBuildConfiguration;
			buildSettings = {
				BUNDLE_LOADER = "$(TEST_HOST)";
				INFOPLIST_FILE = testUIDatePickerTests/Info.plist;
				LD_RUNPATH_SEARCH_PATHS = "$(inherited) @executable_path/Frameworks @loader_path/Frameworks";
				PRODUCT_BUNDLE_IDENTIFIER = mobile.os.testUIDatePickerTests;
				PRODUCT_NAME = "$(TARGET_NAME)";
				TEST_HOST = "$(BUILT_PRODUCTS_DIR)/testUIDatePicker.app/testUIDatePicker";
			};
			name = Release;
		};
		31DD061C1D3E238000AEF13E /* Debug */ = {
			isa = XCBuildConfiguration;
			buildSettings = {
				INFOPLIST_FILE = testUIDatePickerUITests/Info.plist;
				LD_RUNPATH_SEARCH_PATHS = "$(inherited) @executable_path/Frameworks @loader_path/Frameworks";
				PRODUCT_BUNDLE_IDENTIFIER = mobile.os.testUIDatePickerUITests;
				PRODUCT_NAME = "$(TARGET_NAME)";
				TEST_TARGET_NAME = testUIDatePicker;
			};
			name = Debug;
		};
		31DD061D1D3E238000AEF13E /* Release */ = {
			isa = XCBuildConfiguration;
			buildSettings = {
				INFOPLIST_FILE = testUIDatePickerUITests/Info.plist;
				LD_RUNPATH_SEARCH_PATHS = "$(inherited) @executable_path/Frameworks @loader_path/Frameworks";
				PRODUCT_BUNDLE_IDENTIFIER = mobile.os.testUIDatePickerUITests;
				PRODUCT_NAME = "$(TARGET_NAME)";
				TEST_TARGET_NAME = testUIDatePicker;
			};
			name = Release;
		};
/* End XCBuildConfiguration section */

/* Begin XCConfigurationList section */
		31DD05E31D3E238000AEF13E /* Build configuration list for PBXProject "testUIDatePicker" */ = {
			isa = XCConfigurationList;
			buildConfigurations = (
				31DD06131D3E238000AEF13E /* Debug */,
				31DD06141D3E238000AEF13E /* Release */,
			);
			defaultConfigurationIsVisible = 0;
			defaultConfigurationName = Release;
		};
		31DD06151D3E238000AEF13E /* Build configuration list for PBXNativeTarget "testUIDatePicker" */ = {
			isa = XCConfigurationList;
			buildConfigurations = (
				31DD06161D3E238000AEF13E /* Debug */,
				31DD06171D3E238000AEF13E /* Release */,
			);
			defaultConfigurationIsVisible = 0;
		};
		31DD06181D3E238000AEF13E /* Build configuration list for PBXNativeTarget "testUIDatePickerTests" */ = {
			isa = XCConfigurationList;
			buildConfigurations = (
				31DD06191D3E238000AEF13E /* Debug */,
				31DD061A1D3E238000AEF13E /* Release */,
			);
			defaultConfigurationIsVisible = 0;
		};
		31DD061B1D3E238000AEF13E /* Build configuration list for PBXNativeTarget "testUIDatePickerUITests" */ = {
			isa = XCConfigurationList;
			buildConfigurations = (
				31DD061C1D3E238000AEF13E /* Debug */,
				31DD061D1D3E238000AEF13E /* Release */,
			);
			defaultConfigurationIsVisible = 0;
		};
/* End XCConfigurationList section */
	};
	rootObject = 31DD05E01D3E238000AEF13E /* Project object */;
}
